// !$*UTF8*$!
{
	archiveVersion = 1;
	classes = {
	};
	objectVersion = 77;
	objects = {

/* Begin PBXBuildFile section */
		00F44ECFB52C63BFFDA2A7CC /* WatchConnectivitySummaryReceiver.swift in Sources */ = {isa = PBXBuildFile; fileRef = 0870F13B661A79652CE7A4E5 /* WatchConnectivitySummaryReceiver.swift */; };
		019C6D59349D3C40F2ACEAB8 /* WorkoutSummaryOutbox.swift in Sources */ = {isa = PBXBuildFile; fileRef = DFEE867C31F2AB2DB4D57A1D /* WorkoutSummaryOutbox.swift */; };
		082D69C177D258AF9DCC96F3 /* HealthKitWatchWorkoutDataSource.swift in Sources */ = {isa = PBXBuildFile; fileRef = EA335657307F0EA39358C10B /* HealthKitWatchWorkoutDataSource.swift */; };
		1306815FFF73736AE3D7A2C0 /* SessionDetail.swift in Sources */ = {isa = PBXBuildFile; fileRef = 4E7F39FCB4D486EF8C41EC2B /* SessionDetail.swift */; };
		193C2223101B33919B25657D /* WatchWorkoutSummarySyncTests.swift in Sources */ = {isa = PBXBuildFile; fileRef = 7350B43CF554760A568E4E93 /* WatchWorkoutSummarySyncTests.swift */; };
		32FB951937BB89A42D2A802A /* HealthAuthorization.swift in Sources */ = {isa = PBXBuildFile; fileRef = D74183C76D98D6224733E314 /* HealthAuthorization.swift */; };
		3D9BA9F992EC39C25BCC760A /* WorkoutSessionControllerTests.swift in Sources */ = {isa = PBXBuildFile; fileRef = 3371D9C7ED7FDC49BACC11D5 /* WorkoutSessionControllerTests.swift */; };
		48E21224EF0F43C0E62F6CF5 /* WatchWorkoutSummaryMessage.swift in Sources */ = {isa = PBXBuildFile; fileRef = D6A971B31C621C9FFEDEFA65 /* WatchWorkoutSummaryMessage.swift */; };
		4A699C8EF2B182019B946823 /* WorkoutViewModel.swift in Sources */ = {isa = PBXBuildFile; fileRef = 6FB496D27D5DCAF9FE1456EE /* WorkoutViewModel.swift */; };
		5224E62FBFB78CC8E1C65DB7 /* WorkoutGlancePresentationTests.swift in Sources */ = {isa = PBXBuildFile; fileRef = 97FEF0472806C98E48CD5F02 /* WorkoutGlancePresentationTests.swift */; };
		5286D7A194C0001B67728E3D /* WorkoutDataSource.swift in Sources */ = {isa = PBXBuildFile; fileRef = A8DCEA81964064B7A41B1C69 /* WorkoutDataSource.swift */; };
		53DB7861270E285112FE8E12 /* SessionSummary.swift in Sources */ = {isa = PBXBuildFile; fileRef = F8ED7753EF19B00DE6E04F2F /* SessionSummary.swift */; };
		58EE5FBDC71F27B6984B1F11 /* WorkoutView.swift in Sources */ = {isa = PBXBuildFile; fileRef = 9D782CE6F3D852B9B4B43766 /* WorkoutView.swift */; };
		61583443DEDF589651627109 /* SessionListRowPresentation.swift in Sources */ = {isa = PBXBuildFile; fileRef = 6A5AAB96B604BEECD30847C9 /* SessionListRowPresentation.swift */; };
		626E7E4562115099EC1F6CCA /* WorkoutSessionController.swift in Sources */ = {isa = PBXBuildFile; fileRef = D5C73CBDA236F07F9D8857AB /* WorkoutSessionController.swift */; };
		6DD990C4E711049F55F793B6 /* WatchConnectivitySummarySender.swift in Sources */ = {isa = PBXBuildFile; fileRef = 4C8A0F85B5FA29B49CCA22E5 /* WatchConnectivitySummarySender.swift */; };
		6F66D7C92E064948995B6827 /* WorkoutGlancePresentation.swift in Sources */ = {isa = PBXBuildFile; fileRef = BD2036E7B26DF68A395E46B2 /* WorkoutGlancePresentation.swift */; };
		755ABA9F7BF0541A8AC42AA4 /* SessionRepository.swift in Sources */ = {isa = PBXBuildFile; fileRef = A8CBE9C50B85442CDF058F05 /* SessionRepository.swift */; };
		7BC0D8A698B327B4CDA457F8 /* WorkoutPreviewLaunch.swift in Sources */ = {isa = PBXBuildFile; fileRef = 1021FCAD2DC32C99764E9859 /* WorkoutPreviewLaunch.swift */; };
		852F151E66985EED67C4D27C /* SimPulseWatchApp.swift in Sources */ = {isa = PBXBuildFile; fileRef = 06094841993DED4724DE6E80 /* SimPulseWatchApp.swift */; };
		8C0CC9461301F808CCEEF483 /* HealthKitHealthAuthorization.swift in Sources */ = {isa = PBXBuildFile; fileRef = BCD74368B84D3F47F0D5A15A /* HealthKitHealthAuthorization.swift */; };
		924F160D9F3E7C09AECE58CC /* WorkoutGlancePresentation.swift in Sources */ = {isa = PBXBuildFile; fileRef = BD2036E7B26DF68A395E46B2 /* WorkoutGlancePresentation.swift */; };
		993934C0863E89506B439A12 /* WatchWorkoutSession.swift in Sources */ = {isa = PBXBuildFile; fileRef = C9A1DD43C28EECED599FA284 /* WatchWorkoutSession.swift */; };
		A147C2F20F705DAA0877ABDF /* SessionListView.swift in Sources */ = {isa = PBXBuildFile; fileRef = 05F4EC300A3D352327D7615E /* SessionListView.swift */; };
		A4BCC64561677CE5E0ADD4A7 /* SessionRepositoryTests.swift in Sources */ = {isa = PBXBuildFile; fileRef = 6332D26DE02BEF7A1E5B4881 /* SessionRepositoryTests.swift */; };
		A4F67D113839539ACDC70BCF /* SessionDetailViewModel.swift in Sources */ = {isa = PBXBuildFile; fileRef = 1DBC8E99793027756604430C /* SessionDetailViewModel.swift */; };
		A58E33F6F071B4081751CD33 /* SessionListViewModel.swift in Sources */ = {isa = PBXBuildFile; fileRef = 356E391774455E49D9C64ECC /* SessionListViewModel.swift */; };
		ABCAF8F1844CAC29EA28846A /* WorkoutSessionController.swift in Sources */ = {isa = PBXBuildFile; fileRef = D5C73CBDA236F07F9D8857AB /* WorkoutSessionController.swift */; };
		ACF10CC7E4F051A1AFDED10A /* WorkoutDataSource.swift in Sources */ = {isa = PBXBuildFile; fileRef = A8DCEA81964064B7A41B1C69 /* WorkoutDataSource.swift */; };
		B0243FC3A45E17850C4D9093 /* CapabilityGate.swift in Sources */ = {isa = PBXBuildFile; fileRef = 14C1B9513D9D888AB4437B44 /* CapabilityGate.swift */; };
		B03C571E6B0B473608C843B8 /* SessionDetailPresentation.swift in Sources */ = {isa = PBXBuildFile; fileRef = E79A029B04949135D59F3D86 /* SessionDetailPresentation.swift */; };
		B20B7484C3C75AAFC7C1D7DE /* SimPulseWatch.app in Embed Watch Content */ = {isa = PBXBuildFile; fileRef = D61787B41BE58979F30245A0 /* SimPulseWatch.app */; settings = {ATTRIBUTES = (RemoveHeadersOnCopy, ); }; };
		BC5A3245436EECA84C55325A /* SessionDetailView.swift in Sources */ = {isa = PBXBuildFile; fileRef = F209876A7068CF8E49694C43 /* SessionDetailView.swift */; };
		C4E680A24B9C2610066C1D25 /* WorkoutSummaryIngest.swift in Sources */ = {isa = PBXBuildFile; fileRef = FD158208F2EE30350AC67A2C /* WorkoutSummaryIngest.swift */; };
		CDC6AE7D2332DEC3C009155E /* WatchWorkoutSummaryMessage.swift in Sources */ = {isa = PBXBuildFile; fileRef = D6A971B31C621C9FFEDEFA65 /* WatchWorkoutSummaryMessage.swift */; };
		CF46C07A897C3BEA9DC6351E /* SimPulseApp.swift in Sources */ = {isa = PBXBuildFile; fileRef = F28B21393D4DC87921BFA2DF /* SimPulseApp.swift */; };
		D12D5AA1F4E917F8B7A811AB /* HealthKitWorkoutDataSource.swift in Sources */ = {isa = PBXBuildFile; fileRef = 7CCC3DE03FFAAAFA2CE0BD40 /* HealthKitWorkoutDataSource.swift */; };
		DB6BD89CACCE6315DB56629D /* WorkoutSummaryIngest.swift in Sources */ = {isa = PBXBuildFile; fileRef = FD158208F2EE30350AC67A2C /* WorkoutSummaryIngest.swift */; };
		E02728838C81DCADBEF3A04F /* HealthAuthorizationTests.swift in Sources */ = {isa = PBXBuildFile; fileRef = 30E67505E6891137ECFDF4C6 /* HealthAuthorizationTests.swift */; };
		E1AEEE5C7838E16DC0AE3D56 /* HealthKitSessionRepository.swift in Sources */ = {isa = PBXBuildFile; fileRef = DA40C91894ACAAB4EAA07E39 /* HealthKitSessionRepository.swift */; };
		F72CC8B7AEAAE415456C1131 /* SessionDetailViewModelTests.swift in Sources */ = {isa = PBXBuildFile; fileRef = DB5217F3C853395BEFDDB342 /* SessionDetailViewModelTests.swift */; };
		F89BDA8C68ED9A49E02FBB56 /* SessionFormatting.swift in Sources */ = {isa = PBXBuildFile; fileRef = 780D8DF713F9CE55265DDAF5 /* SessionFormatting.swift */; };
		F91C0CEFE79115E8967FDECF /* WatchConnectivitySummaryReceiver.swift in Sources */ = {isa = PBXBuildFile; fileRef = 0870F13B661A79652CE7A4E5 /* WatchConnectivitySummaryReceiver.swift */; };
		FA5CB4FC5972258D40303AC4 /* SessionDetailTests.swift in Sources */ = {isa = PBXBuildFile; fileRef = C350C71A345EEF9507DF650D /* SessionDetailTests.swift */; };
		FECAF5E00A66E1478EE250FE /* WorkoutSummaryOutbox.swift in Sources */ = {isa = PBXBuildFile; fileRef = DFEE867C31F2AB2DB4D57A1D /* WorkoutSummaryOutbox.swift */; };
/* End PBXBuildFile section */

/* Begin PBXContainerItemProxy section */
		2D67FDA8A1D62BDBE182980C /* PBXContainerItemProxy */ = {
			isa = PBXContainerItemProxy;
			containerPortal = F408E32F398361287EF46F3E /* Project object */;
			proxyType = 1;
			remoteGlobalIDString = 1379A941F5E8C016EE10855A;
			remoteInfo = SimPulse;
		};
		5CA490006F3BC5D4B33FDBDF /* PBXContainerItemProxy */ = {
			isa = PBXContainerItemProxy;
			containerPortal = F408E32F398361287EF46F3E /* Project object */;
			proxyType = 1;
			remoteGlobalIDString = 0DA17D9387762C9107A27DAF;
			remoteInfo = SimPulseWatch;
		};
/* End PBXContainerItemProxy section */

/* Begin PBXCopyFilesBuildPhase section */
		85E50294EF0EE609CE924651 /* Embed Watch Content */ = {
			isa = PBXCopyFilesBuildPhase;
			buildActionMask = 2147483647;
			dstPath = "$(CONTENTS_FOLDER_PATH)/Watch";
			dstSubfolderSpec = 16;
			files = (
				B20B7484C3C75AAFC7C1D7DE /* SimPulseWatch.app in Embed Watch Content */,
			);
			name = "Embed Watch Content";
			runOnlyForDeploymentPostprocessing = 0;
		};
/* End PBXCopyFilesBuildPhase section */

/* Begin PBXFileReference section */
		05F4EC300A3D352327D7615E /* SessionListView.swift */ = {isa = PBXFileReference; lastKnownFileType = sourcecode.swift; path = SessionListView.swift; sourceTree = "<group>"; };
		06094841993DED4724DE6E80 /* SimPulseWatchApp.swift */ = {isa = PBXFileReference; lastKnownFileType = sourcecode.swift; path = SimPulseWatchApp.swift; sourceTree = "<group>"; };
		0870F13B661A79652CE7A4E5 /* WatchConnectivitySummaryReceiver.swift */ = {isa = PBXFileReference; lastKnownFileType = sourcecode.swift; path = WatchConnectivitySummaryReceiver.swift; sourceTree = "<group>"; };
		1021FCAD2DC32C99764E9859 /* WorkoutPreviewLaunch.swift */ = {isa = PBXFileReference; lastKnownFileType = sourcecode.swift; path = WorkoutPreviewLaunch.swift; sourceTree = "<group>"; };
		14C1B9513D9D888AB4437B44 /* CapabilityGate.swift */ = {isa = PBXFileReference; lastKnownFileType = sourcecode.swift; path = CapabilityGate.swift; sourceTree = "<group>"; };
		1DBC8E99793027756604430C /* SessionDetailViewModel.swift */ = {isa = PBXFileReference; lastKnownFileType = sourcecode.swift; path = SessionDetailViewModel.swift; sourceTree = "<group>"; };
		2ED5A6D389591338FD81DC97 /* SimPulse.app */ = {isa = PBXFileReference; includeInIndex = 0; lastKnownFileType = wrapper.application; path = SimPulse.app; sourceTree = BUILT_PRODUCTS_DIR; };
		30E67505E6891137ECFDF4C6 /* HealthAuthorizationTests.swift */ = {isa = PBXFileReference; lastKnownFileType = sourcecode.swift; path = HealthAuthorizationTests.swift; sourceTree = "<group>"; };
		31CFD4099F4F407D938081A1 /* SimPulseWatch.entitlements */ = {isa = PBXFileReference; lastKnownFileType = text.plist.entitlements; path = SimPulseWatch.entitlements; sourceTree = "<group>"; };
		3371D9C7ED7FDC49BACC11D5 /* WorkoutSessionControllerTests.swift */ = {isa = PBXFileReference; lastKnownFileType = sourcecode.swift; path = WorkoutSessionControllerTests.swift; sourceTree = "<group>"; };
		356E391774455E49D9C64ECC /* SessionListViewModel.swift */ = {isa = PBXFileReference; lastKnownFileType = sourcecode.swift; path = SessionListViewModel.swift; sourceTree = "<group>"; };
		3AC27ECB7C436F27DA548D0F /* SimPulse.entitlements */ = {isa = PBXFileReference; lastKnownFileType = text.plist.entitlements; path = SimPulse.entitlements; sourceTree = "<group>"; };
		4C8A0F85B5FA29B49CCA22E5 /* WatchConnectivitySummarySender.swift */ = {isa = PBXFileReference; lastKnownFileType = sourcecode.swift; path = WatchConnectivitySummarySender.swift; sourceTree = "<group>"; };
		4E7F39FCB4D486EF8C41EC2B /* SessionDetail.swift */ = {isa = PBXFileReference; lastKnownFileType = sourcecode.swift; path = SessionDetail.swift; sourceTree = "<group>"; };
		6332D26DE02BEF7A1E5B4881 /* SessionRepositoryTests.swift */ = {isa = PBXFileReference; lastKnownFileType = sourcecode.swift; path = SessionRepositoryTests.swift; sourceTree = "<group>"; };
		6A5AAB96B604BEECD30847C9 /* SessionListRowPresentation.swift */ = {isa = PBXFileReference; lastKnownFileType = sourcecode.swift; path = SessionListRowPresentation.swift; sourceTree = "<group>"; };
		6FB496D27D5DCAF9FE1456EE /* WorkoutViewModel.swift */ = {isa = PBXFileReference; lastKnownFileType = sourcecode.swift; path = WorkoutViewModel.swift; sourceTree = "<group>"; };
		7350B43CF554760A568E4E93 /* WatchWorkoutSummarySyncTests.swift */ = {isa = PBXFileReference; lastKnownFileType = sourcecode.swift; path = WatchWorkoutSummarySyncTests.swift; sourceTree = "<group>"; };
		780D8DF713F9CE55265DDAF5 /* SessionFormatting.swift */ = {isa = PBXFileReference; lastKnownFileType = sourcecode.swift; path = SessionFormatting.swift; sourceTree = "<group>"; };
		7CCC3DE03FFAAAFA2CE0BD40 /* HealthKitWorkoutDataSource.swift */ = {isa = PBXFileReference; lastKnownFileType = sourcecode.swift; path = HealthKitWorkoutDataSource.swift; sourceTree = "<group>"; };
		7CD23896901DF52B1CDA79AD /* SimPulseTests.xctest */ = {isa = PBXFileReference; includeInIndex = 0; lastKnownFileType = wrapper.cfbundle; path = SimPulseTests.xctest; sourceTree = BUILT_PRODUCTS_DIR; };
		97FEF0472806C98E48CD5F02 /* WorkoutGlancePresentationTests.swift */ = {isa = PBXFileReference; lastKnownFileType = sourcecode.swift; path = WorkoutGlancePresentationTests.swift; sourceTree = "<group>"; };
		9D782CE6F3D852B9B4B43766 /* WorkoutView.swift */ = {isa = PBXFileReference; lastKnownFileType = sourcecode.swift; path = WorkoutView.swift; sourceTree = "<group>"; };
		A8CBE9C50B85442CDF058F05 /* SessionRepository.swift */ = {isa = PBXFileReference; lastKnownFileType = sourcecode.swift; path = SessionRepository.swift; sourceTree = "<group>"; };
		A8DCEA81964064B7A41B1C69 /* WorkoutDataSource.swift */ = {isa = PBXFileReference; lastKnownFileType = sourcecode.swift; path = WorkoutDataSource.swift; sourceTree = "<group>"; };
		BCD74368B84D3F47F0D5A15A /* HealthKitHealthAuthorization.swift */ = {isa = PBXFileReference; lastKnownFileType = sourcecode.swift; path = HealthKitHealthAuthorization.swift; sourceTree = "<group>"; };
		BD2036E7B26DF68A395E46B2 /* WorkoutGlancePresentation.swift */ = {isa = PBXFileReference; lastKnownFileType = sourcecode.swift; path = WorkoutGlancePresentation.swift; sourceTree = "<group>"; };
		C350C71A345EEF9507DF650D /* SessionDetailTests.swift */ = {isa = PBXFileReference; lastKnownFileType = sourcecode.swift; path = SessionDetailTests.swift; sourceTree = "<group>"; };
		C9A1DD43C28EECED599FA284 /* WatchWorkoutSession.swift */ = {isa = PBXFileReference; lastKnownFileType = sourcecode.swift; path = WatchWorkoutSession.swift; sourceTree = "<group>"; };
		D5C73CBDA236F07F9D8857AB /* WorkoutSessionController.swift */ = {isa = PBXFileReference; lastKnownFileType = sourcecode.swift; path = WorkoutSessionController.swift; sourceTree = "<group>"; };
		D61787B41BE58979F30245A0 /* SimPulseWatch.app */ = {isa = PBXFileReference; explicitFileType = wrapper.application; includeInIndex = 0; path = SimPulseWatch.app; sourceTree = BUILT_PRODUCTS_DIR; };
		D6A971B31C621C9FFEDEFA65 /* WatchWorkoutSummaryMessage.swift */ = {isa = PBXFileReference; lastKnownFileType = sourcecode.swift; path = WatchWorkoutSummaryMessage.swift; sourceTree = "<group>"; };
		D74183C76D98D6224733E314 /* HealthAuthorization.swift */ = {isa = PBXFileReference; lastKnownFileType = sourcecode.swift; path = HealthAuthorization.swift; sourceTree = "<group>"; };
		DA40C91894ACAAB4EAA07E39 /* HealthKitSessionRepository.swift */ = {isa = PBXFileReference; lastKnownFileType = sourcecode.swift; path = HealthKitSessionRepository.swift; sourceTree = "<group>"; };
		DB5217F3C853395BEFDDB342 /* SessionDetailViewModelTests.swift */ = {isa = PBXFileReference; lastKnownFileType = sourcecode.swift; path = SessionDetailViewModelTests.swift; sourceTree = "<group>"; };
		DFEE867C31F2AB2DB4D57A1D /* WorkoutSummaryOutbox.swift */ = {isa = PBXFileReference; lastKnownFileType = sourcecode.swift; path = WorkoutSummaryOutbox.swift; sourceTree = "<group>"; };
		E79A029B04949135D59F3D86 /* SessionDetailPresentation.swift */ = {isa = PBXFileReference; lastKnownFileType = sourcecode.swift; path = SessionDetailPresentation.swift; sourceTree = "<group>"; };
		EA335657307F0EA39358C10B /* HealthKitWatchWorkoutDataSource.swift */ = {isa = PBXFileReference; lastKnownFileType = sourcecode.swift; path = HealthKitWatchWorkoutDataSource.swift; sourceTree = "<group>"; };
		F209876A7068CF8E49694C43 /* SessionDetailView.swift */ = {isa = PBXFileReference; lastKnownFileType = sourcecode.swift; path = SessionDetailView.swift; sourceTree = "<group>"; };
		F28B21393D4DC87921BFA2DF /* SimPulseApp.swift */ = {isa = PBXFileReference; lastKnownFileType = sourcecode.swift; path = SimPulseApp.swift; sourceTree = "<group>"; };
		F8ED7753EF19B00DE6E04F2F /* SessionSummary.swift */ = {isa = PBXFileReference; lastKnownFileType = sourcecode.swift; path = SessionSummary.swift; sourceTree = "<group>"; };
		FD158208F2EE30350AC67A2C /* WorkoutSummaryIngest.swift */ = {isa = PBXFileReference; lastKnownFileType = sourcecode.swift; path = WorkoutSummaryIngest.swift; sourceTree = "<group>"; };
/* End PBXFileReference section */

/* Begin PBXGroup section */
		5A007E0A067EBD37A2766097 /* Adapters */ = {
			isa = PBXGroup;
			children = (
				EA335657307F0EA39358C10B /* HealthKitWatchWorkoutDataSource.swift */,
				4C8A0F85B5FA29B49CCA22E5 /* WatchConnectivitySummarySender.swift */,
			);
			path = Adapters;
			sourceTree = "<group>";
		};
		5A111214185E07A103578F5B /* Products */ = {
			isa = PBXGroup;
			children = (
				2ED5A6D389591338FD81DC97 /* SimPulse.app */,
				7CD23896901DF52B1CDA79AD /* SimPulseTests.xctest */,
				D61787B41BE58979F30245A0 /* SimPulseWatch.app */,
			);
			name = Products;
			sourceTree = "<group>";
		};
		6E13A3B61320A78CC28CF330 /* Sync */ = {
			isa = PBXGroup;
			children = (
				0870F13B661A79652CE7A4E5 /* WatchConnectivitySummaryReceiver.swift */,
				D6A971B31C621C9FFEDEFA65 /* WatchWorkoutSummaryMessage.swift */,
				FD158208F2EE30350AC67A2C /* WorkoutSummaryIngest.swift */,
				DFEE867C31F2AB2DB4D57A1D /* WorkoutSummaryOutbox.swift */,
			);
			path = Sync;
			sourceTree = "<group>";
		};
		6E3EC819E13496FAF8AF7799 /* SimPulseWatch */ = {
			isa = PBXGroup;
			children = (
				5A007E0A067EBD37A2766097 /* Adapters */,
				A5CB6C42E38FB84707DAC62B /* Application */,
				31CFD4099F4F407D938081A1 /* SimPulseWatch.entitlements */,
				06094841993DED4724DE6E80 /* SimPulseWatchApp.swift */,
				C9A1DD43C28EECED599FA284 /* WatchWorkoutSession.swift */,
				9D782CE6F3D852B9B4B43766 /* WorkoutView.swift */,
			);
			path = SimPulseWatch;
			sourceTree = "<group>";
		};
		78D40978FF503AEA9F7A70C0 /* SimPulse */ = {
			isa = PBXGroup;
			children = (
				B731647A4094F1A5F388F904 /* Entitlements */,
				E30D1A3D87469E8938342126 /* Sessions */,
				6E13A3B61320A78CC28CF330 /* Sync */,
				E5AAF89DF61A1D672BF308C3 /* Workout */,
				05F4EC300A3D352327D7615E /* SessionListView.swift */,
				3AC27ECB7C436F27DA548D0F /* SimPulse.entitlements */,
				F28B21393D4DC87921BFA2DF /* SimPulseApp.swift */,
			);
			path = SimPulse;
			sourceTree = "<group>";
		};
		91CE37C4510ABA4DEB557FF5 /* ios */ = {
			isa = PBXGroup;
			children = (
				78D40978FF503AEA9F7A70C0 /* SimPulse */,
				D02DCEFBE1F3268FFB89EC64 /* SimPulseTests */,
			);
			path = ios;
			sourceTree = "<group>";
		};
		9F689233779AE069F84EA7B3 /* watchos */ = {
			isa = PBXGroup;
			children = (
				6E3EC819E13496FAF8AF7799 /* SimPulseWatch */,
			);
			path = watchos;
			sourceTree = "<group>";
		};
		A5CB6C42E38FB84707DAC62B /* Application */ = {
			isa = PBXGroup;
			children = (
				1021FCAD2DC32C99764E9859 /* WorkoutPreviewLaunch.swift */,
				6FB496D27D5DCAF9FE1456EE /* WorkoutViewModel.swift */,
			);
			path = Application;
			sourceTree = "<group>";
		};
		AD0E5C46694CA74309486EE0 /* apps */ = {
			isa = PBXGroup;
			children = (
				91CE37C4510ABA4DEB557FF5 /* ios */,
				9F689233779AE069F84EA7B3 /* watchos */,
			);
			path = apps;
			sourceTree = "<group>";
		};
		B731647A4094F1A5F388F904 /* Entitlements */ = {
			isa = PBXGroup;
			children = (
				14C1B9513D9D888AB4437B44 /* CapabilityGate.swift */,
			);
			path = Entitlements;
			sourceTree = "<group>";
		};
		D02DCEFBE1F3268FFB89EC64 /* SimPulseTests */ = {
			isa = PBXGroup;
			children = (
				30E67505E6891137ECFDF4C6 /* HealthAuthorizationTests.swift */,
				C350C71A345EEF9507DF650D /* SessionDetailTests.swift */,
				DB5217F3C853395BEFDDB342 /* SessionDetailViewModelTests.swift */,
				6332D26DE02BEF7A1E5B4881 /* SessionRepositoryTests.swift */,
				7350B43CF554760A568E4E93 /* WatchWorkoutSummarySyncTests.swift */,
				97FEF0472806C98E48CD5F02 /* WorkoutGlancePresentationTests.swift */,
				3371D9C7ED7FDC49BACC11D5 /* WorkoutSessionControllerTests.swift */,
			);
			path = SimPulseTests;
			sourceTree = "<group>";
		};
		E010CE5F68AB8349981DE44B = {
			isa = PBXGroup;
			children = (
				AD0E5C46694CA74309486EE0 /* apps */,
				5A111214185E07A103578F5B /* Products */,
			);
			sourceTree = "<group>";
		};
		E30D1A3D87469E8938342126 /* Sessions */ = {
			isa = PBXGroup;
			children = (
				D74183C76D98D6224733E314 /* HealthAuthorization.swift */,
				BCD74368B84D3F47F0D5A15A /* HealthKitHealthAuthorization.swift */,
				DA40C91894ACAAB4EAA07E39 /* HealthKitSessionRepository.swift */,
				4E7F39FCB4D486EF8C41EC2B /* SessionDetail.swift */,
				E79A029B04949135D59F3D86 /* SessionDetailPresentation.swift */,
				F209876A7068CF8E49694C43 /* SessionDetailView.swift */,
				1DBC8E99793027756604430C /* SessionDetailViewModel.swift */,
				780D8DF713F9CE55265DDAF5 /* SessionFormatting.swift */,
				6A5AAB96B604BEECD30847C9 /* SessionListRowPresentation.swift */,
				356E391774455E49D9C64ECC /* SessionListViewModel.swift */,
				A8CBE9C50B85442CDF058F05 /* SessionRepository.swift */,
				F8ED7753EF19B00DE6E04F2F /* SessionSummary.swift */,
			);
			path = Sessions;
			sourceTree = "<group>";
		};
		E5AAF89DF61A1D672BF308C3 /* Workout */ = {
			isa = PBXGroup;
			children = (
				7CCC3DE03FFAAAFA2CE0BD40 /* HealthKitWorkoutDataSource.swift */,
				A8DCEA81964064B7A41B1C69 /* WorkoutDataSource.swift */,
				BD2036E7B26DF68A395E46B2 /* WorkoutGlancePresentation.swift */,
				D5C73CBDA236F07F9D8857AB /* WorkoutSessionController.swift */,
			);
			path = Workout;
			sourceTree = "<group>";
		};
/* End PBXGroup section */

/* Begin PBXNativeTarget section */
		0DA17D9387762C9107A27DAF /* SimPulseWatch */ = {
			isa = PBXNativeTarget;
			buildConfigurationList = 552A6BC0A859D949137FD5E1 /* Build configuration list for PBXNativeTarget "SimPulseWatch" */;
			buildPhases = (
				4DDDA13BD522266397C69188 /* Sources */,
			);
			buildRules = (
			);
			dependencies = (
			);
			name = SimPulseWatch;
			packageProductDependencies = (
			);
			productName = SimPulseWatch;
			productReference = D61787B41BE58979F30245A0 /* SimPulseWatch.app */;
			productType = "com.apple.product-type.application";
		};
		1379A941F5E8C016EE10855A /* SimPulse */ = {
			isa = PBXNativeTarget;
			buildConfigurationList = 51967848F324C5E0329AAABB /* Build configuration list for PBXNativeTarget "SimPulse" */;
			buildPhases = (
				49999B80B55CBF213CF9C5E0 /* Sources */,
				85E50294EF0EE609CE924651 /* Embed Watch Content */,
			);
			buildRules = (
			);
			dependencies = (
				BF765854DB75354601F066E3 /* PBXTargetDependency */,
			);
			name = SimPulse;
			packageProductDependencies = (
			);
			productName = SimPulse;
			productReference = 2ED5A6D389591338FD81DC97 /* SimPulse.app */;
			productType = "com.apple.product-type.application";
		};
		9FE65498CE51B4181420A406 /* SimPulseTests */ = {
			isa = PBXNativeTarget;
			buildConfigurationList = 42933674B8E407190074D3FF /* Build configuration list for PBXNativeTarget "SimPulseTests" */;
			buildPhases = (
				E1573B538545DF3038932F85 /* Sources */,
			);
			buildRules = (
			);
			dependencies = (
				8148D384D63ECA11E5D34A35 /* PBXTargetDependency */,
			);
			name = SimPulseTests;
			packageProductDependencies = (
			);
			productName = SimPulseTests;
			productReference = 7CD23896901DF52B1CDA79AD /* SimPulseTests.xctest */;
			productType = "com.apple.product-type.bundle.unit-test";
		};
/* End PBXNativeTarget section */

/* Begin PBXProject section */
		F408E32F398361287EF46F3E /* Project object */ = {
			isa = PBXProject;
			attributes = {
				BuildIndependentTargetsInParallel = YES;
				LastUpgradeCheck = 1430;
				TargetAttributes = {
				};
			};
			buildConfigurationList = DD8423A310C5D333B528E587 /* Build configuration list for PBXProject "SimPulse" */;
			developmentRegion = en;
			hasScannedForEncodings = 0;
			knownRegions = (
				Base,
				en,
			);
			mainGroup = E010CE5F68AB8349981DE44B;
			minimizedProjectReferenceProxies = 1;
			preferredProjectObjectVersion = 77;
			productRefGroup = 5A111214185E07A103578F5B /* Products */;
			projectDirPath = "";
			projectRoot = "";
			targets = (
				1379A941F5E8C016EE10855A /* SimPulse */,
				9FE65498CE51B4181420A406 /* SimPulseTests */,
				0DA17D9387762C9107A27DAF /* SimPulseWatch */,
			);
		};
/* End PBXProject section */

/* Begin PBXSourcesBuildPhase section */
		49999B80B55CBF213CF9C5E0 /* Sources */ = {
			isa = PBXSourcesBuildPhase;
			buildActionMask = 2147483647;
			files = (
				B0243FC3A45E17850C4D9093 /* CapabilityGate.swift in Sources */,
				32FB951937BB89A42D2A802A /* HealthAuthorization.swift in Sources */,
				8C0CC9461301F808CCEEF483 /* HealthKitHealthAuthorization.swift in Sources */,
				E1AEEE5C7838E16DC0AE3D56 /* HealthKitSessionRepository.swift in Sources */,
				D12D5AA1F4E917F8B7A811AB /* HealthKitWorkoutDataSource.swift in Sources */,
				1306815FFF73736AE3D7A2C0 /* SessionDetail.swift in Sources */,
				B03C571E6B0B473608C843B8 /* SessionDetailPresentation.swift in Sources */,
				BC5A3245436EECA84C55325A /* SessionDetailView.swift in Sources */,
				A4F67D113839539ACDC70BCF /* SessionDetailViewModel.swift in Sources */,
				F89BDA8C68ED9A49E02FBB56 /* SessionFormatting.swift in Sources */,
				61583443DEDF589651627109 /* SessionListRowPresentation.swift in Sources */,
				A147C2F20F705DAA0877ABDF /* SessionListView.swift in Sources */,
				A58E33F6F071B4081751CD33 /* SessionListViewModel.swift in Sources */,
				755ABA9F7BF0541A8AC42AA4 /* SessionRepository.swift in Sources */,
				53DB7861270E285112FE8E12 /* SessionSummary.swift in Sources */,
				CF46C07A897C3BEA9DC6351E /* SimPulseApp.swift in Sources */,
				F91C0CEFE79115E8967FDECF /* WatchConnectivitySummaryReceiver.swift in Sources */,
				48E21224EF0F43C0E62F6CF5 /* WatchWorkoutSummaryMessage.swift in Sources */,
				ACF10CC7E4F051A1AFDED10A /* WorkoutDataSource.swift in Sources */,
				924F160D9F3E7C09AECE58CC /* WorkoutGlancePresentation.swift in Sources */,
				626E7E4562115099EC1F6CCA /* WorkoutSessionController.swift in Sources */,
				DB6BD89CACCE6315DB56629D /* WorkoutSummaryIngest.swift in Sources */,
				FECAF5E00A66E1478EE250FE /* WorkoutSummaryOutbox.swift in Sources */,
			);
			runOnlyForDeploymentPostprocessing = 0;
		};
		4DDDA13BD522266397C69188 /* Sources */ = {
			isa = PBXSourcesBuildPhase;
			buildActionMask = 2147483647;
			files = (
				082D69C177D258AF9DCC96F3 /* HealthKitWatchWorkoutDataSource.swift in Sources */,
				852F151E66985EED67C4D27C /* SimPulseWatchApp.swift in Sources */,
				00F44ECFB52C63BFFDA2A7CC /* WatchConnectivitySummaryReceiver.swift in Sources */,
				6DD990C4E711049F55F793B6 /* WatchConnectivitySummarySender.swift in Sources */,
				993934C0863E89506B439A12 /* WatchWorkoutSession.swift in Sources */,
				CDC6AE7D2332DEC3C009155E /* WatchWorkoutSummaryMessage.swift in Sources */,
				5286D7A194C0001B67728E3D /* WorkoutDataSource.swift in Sources */,
				6F66D7C92E064948995B6827 /* WorkoutGlancePresentation.swift in Sources */,
				7BC0D8A698B327B4CDA457F8 /* WorkoutPreviewLaunch.swift in Sources */,
				ABCAF8F1844CAC29EA28846A /* WorkoutSessionController.swift in Sources */,
				C4E680A24B9C2610066C1D25 /* WorkoutSummaryIngest.swift in Sources */,
				019C6D59349D3C40F2ACEAB8 /* WorkoutSummaryOutbox.swift in Sources */,
				58EE5FBDC71F27B6984B1F11 /* WorkoutView.swift in Sources */,
				4A699C8EF2B182019B946823 /* WorkoutViewModel.swift in Sources */,
			);
			runOnlyForDeploymentPostprocessing = 0;
		};
		E1573B538545DF3038932F85 /* Sources */ = {
			isa = PBXSourcesBuildPhase;
			buildActionMask = 2147483647;
			files = (
				E02728838C81DCADBEF3A04F /* HealthAuthorizationTests.swift in Sources */,
				FA5CB4FC5972258D40303AC4 /* SessionDetailTests.swift in Sources */,
				F72CC8B7AEAAE415456C1131 /* SessionDetailViewModelTests.swift in Sources */,
				A4BCC64561677CE5E0ADD4A7 /* SessionRepositoryTests.swift in Sources */,
				193C2223101B33919B25657D /* WatchWorkoutSummarySyncTests.swift in Sources */,
				5224E62FBFB78CC8E1C65DB7 /* WorkoutGlancePresentationTests.swift in Sources */,
				3D9BA9F992EC39C25BCC760A /* WorkoutSessionControllerTests.swift in Sources */,
			);
			runOnlyForDeploymentPostprocessing = 0;
		};
/* End PBXSourcesBuildPhase section */

/* Begin PBXTargetDependency section */
		8148D384D63ECA11E5D34A35 /* PBXTargetDependency */ = {
			isa = PBXTargetDependency;
			target = 1379A941F5E8C016EE10855A /* SimPulse */;
			targetProxy = 2D67FDA8A1D62BDBE182980C /* PBXContainerItemProxy */;
		};
		BF765854DB75354601F066E3 /* PBXTargetDependency */ = {
			isa = PBXTargetDependency;
			target = 0DA17D9387762C9107A27DAF /* SimPulseWatch */;
			targetProxy = 5CA490006F3BC5D4B33FDBDF /* PBXContainerItemProxy */;
		};
/* End PBXTargetDependency section */

/* Begin XCBuildConfiguration section */
		0AB2CE7DF08427080EFC659D /* Debug */ = {
			isa = XCBuildConfiguration;
			buildSettings = {
				ASSETCATALOG_COMPILER_APPICON_NAME = AppIcon;
				CODE_SIGN_ENTITLEMENTS = apps/ios/SimPulse/SimPulse.entitlements;
				CODE_SIGN_IDENTITY = "iPhone Developer";
				INFOPLIST_KEY_CFBundleDisplayName = SimPulse;
				INFOPLIST_KEY_NSHealthShareUsageDescription = "SimPulse reads heart rate, energy, and past Sim Racing workouts from Health. Not a medical device.";
				INFOPLIST_KEY_NSHealthUpdateUsageDescription = "SimPulse may save Sim Racing workout data to Health on this iPhone. Not a medical device.";
				INFOPLIST_KEY_UILaunchScreen_Generation = YES;
				LD_RUNPATH_SEARCH_PATHS = (
					"$(inherited)",
					"@executable_path/Frameworks",
				);
				PRODUCT_BUNDLE_IDENTIFIER = com.marcatos.SimPulse;
				SDKROOT = iphoneos;
				TARGETED_DEVICE_FAMILY = "1,2";
			};
			name = Debug;
		};
		2D0097D5F689936DDB7F8382 /* Release */ = {
			isa = XCBuildConfiguration;
			buildSettings = {
				ASSETCATALOG_COMPILER_APPICON_NAME = AppIcon;
				CODE_SIGN_ENTITLEMENTS = apps/watchos/SimPulseWatch/SimPulseWatch.entitlements;
				INFOPLIST_KEY_CFBundleDisplayName = SimPulse;
				INFOPLIST_KEY_NSHealthShareUsageDescription = "SimPulse Watch records heart rate during a Sim Racing workout. Not a medical device.";
				INFOPLIST_KEY_NSHealthUpdateUsageDescription = "SimPulse Watch writes the Sim Racing workout to Health on this Apple Watch.";
				INFOPLIST_KEY_WKCompanionAppBundleIdentifier = com.marcatos.SimPulse;
				INFOPLIST_KEY_WKRunsIndependentlyOfCompanionApp = YES;
				PRODUCT_BUNDLE_IDENTIFIER = com.marcatos.SimPulse.watchkitapp;
				SDKROOT = watchos;
				SKIP_INSTALL = YES;
				TARGETED_DEVICE_FAMILY = 4;
				WKApplication = YES;
			};
			name = Release;
		};
		3CA11BA165122A12BF6ECA09 /* Debug */ = {
			isa = XCBuildConfiguration;
			buildSettings = {
				ASSETCATALOG_COMPILER_APPICON_NAME = AppIcon;
				CODE_SIGN_ENTITLEMENTS = apps/watchos/SimPulseWatch/SimPulseWatch.entitlements;
				INFOPLIST_KEY_CFBundleDisplayName = SimPulse;
				INFOPLIST_KEY_NSHealthShareUsageDescription = "SimPulse Watch records heart rate during a Sim Racing workout. Not a medical device.";
				INFOPLIST_KEY_NSHealthUpdateUsageDescription = "SimPulse Watch writes the Sim Racing workout to Health on this Apple Watch.";
				INFOPLIST_KEY_WKCompanionAppBundleIdentifier = com.marcatos.SimPulse;
				INFOPLIST_KEY_WKRunsIndependentlyOfCompanionApp = YES;
				PRODUCT_BUNDLE_IDENTIFIER = com.marcatos.SimPulse.watchkitapp;
				SDKROOT = watchos;
				SKIP_INSTALL = YES;
				TARGETED_DEVICE_FAMILY = 4;
				WKApplication = YES;
			};
			name = Debug;
		};
		57D75EFF2B085C868AA44B4F /* Release */ = {
			isa = XCBuildConfiguration;
			buildSettings = {
				ALWAYS_SEARCH_USER_PATHS = NO;
				CLANG_ANALYZER_NONNULL = YES;
				CLANG_ANALYZER_NUMBER_OBJECT_CONVERSION = YES_AGGRESSIVE;
				CLANG_CXX_LANGUAGE_STANDARD = "gnu++14";
				CLANG_CXX_LIBRARY = "libc++";
				CLANG_ENABLE_MODULES = YES;
				CLANG_ENABLE_OBJC_ARC = YES;
				CLANG_ENABLE_OBJC_WEAK = YES;
				CLANG_WARN_BLOCK_CAPTURE_AUTORELEASING = YES;
				CLANG_WARN_BOOL_CONVERSION = YES;
				CLANG_WARN_COMMA = YES;
				CLANG_WARN_CONSTANT_CONVERSION = YES;
				CLANG_WARN_DEPRECATED_OBJC_IMPLEMENTATIONS = YES;
				CLANG_WARN_DIRECT_OBJC_ISA_USAGE = YES_ERROR;
				CLANG_WARN_DOCUMENTATION_COMMENTS = YES;
				CLANG_WARN_EMPTY_BODY = YES;
				CLANG_WARN_ENUM_CONVERSION = YES;
				CLANG_WARN_INFINITE_RECURSION = YES;
				CLANG_WARN_INT_CONVERSION = YES;
				CLANG_WARN_NON_LITERAL_NULL_CONVERSION = YES;
				CLANG_WARN_OBJC_IMPLICIT_RETAIN_SELF = YES;
				CLANG_WARN_OBJC_LITERAL_CONVERSION = YES;
				CLANG_WARN_OBJC_ROOT_CLASS = YES_ERROR;
				CLANG_WARN_QUOTED_INCLUDE_IN_FRAMEWORK_HEADER = YES;
				CLANG_WARN_RANGE_LOOP_ANALYSIS = YES;
				CLANG_WARN_STRICT_PROTOTYPES = YES;
				CLANG_WARN_SUSPICIOUS_MOVE = YES;
				CLANG_WARN_UNGUARDED_AVAILABILITY = YES_AGGRESSIVE;
				CLANG_WARN_UNREACHABLE_CODE = YES;
				CLANG_WARN__DUPLICATE_METHOD_MATCH = YES;
				COPY_PHASE_STRIP = NO;
				CURRENT_PROJECT_VERSION = 1;
				DEBUG_INFORMATION_FORMAT = "dwarf-with-dsym";
				ENABLE_NS_ASSERTIONS = NO;
				ENABLE_STRICT_OBJC_MSGSEND = YES;
				GCC_C_LANGUAGE_STANDARD = gnu11;
				GCC_NO_COMMON_BLOCKS = YES;
				GCC_WARN_64_TO_32_BIT_CONVERSION = YES;
				GCC_WARN_ABOUT_RETURN_TYPE = YES_ERROR;
				GCC_WARN_UNDECLARED_SELECTOR = YES;
				GCC_WARN_UNINITIALIZED_AUTOS = YES_AGGRESSIVE;
				GCC_WARN_UNUSED_FUNCTION = YES;
				GCC_WARN_UNUSED_VARIABLE = YES;
				GENERATE_INFOPLIST_FILE = YES;
				IPHONEOS_DEPLOYMENT_TARGET = 17.0;
				MARKETING_VERSION = 0.1.0;
				MTL_ENABLE_DEBUG_INFO = NO;
				MTL_FAST_MATH = YES;
				PRODUCT_NAME = "$(TARGET_NAME)";
				SWIFT_COMPILATION_MODE = wholemodule;
				SWIFT_OPTIMIZATION_LEVEL = "-O";
				SWIFT_VERSION = 5.0;
				WATCHOS_DEPLOYMENT_TARGET = 10.0;
			};
			name = Release;
		};
		7DF27B7A52B5F14906886C1E /* Release */ = {
			isa = XCBuildConfiguration;
			buildSettings = {
				BUNDLE_LOADER = "$(TEST_HOST)";
				GENERATE_INFOPLIST_FILE = YES;
				LD_RUNPATH_SEARCH_PATHS = (
					"$(inherited)",
					"@executable_path/Frameworks",
					"@loader_path/Frameworks",
				);
				PRODUCT_BUNDLE_IDENTIFIER = com.marcatos.SimPulse.tests;
				SDKROOT = iphoneos;
				TARGETED_DEVICE_FAMILY = "1,2";
				TEST_HOST = "$(BUILT_PRODUCTS_DIR)/SimPulse.app/$(BUNDLE_EXECUTABLE_FOLDER_PATH)/SimPulse";
			};
			name = Release;
		};
		7FAB48ED697CC8CEF204096F /* Release */ = {
			isa = XCBuildConfiguration;
			buildSettings = {
				ASSETCATALOG_COMPILER_APPICON_NAME = AppIcon;
				CODE_SIGN_ENTITLEMENTS = apps/ios/SimPulse/SimPulse.entitlements;
				CODE_SIGN_IDENTITY = "iPhone Developer";
				INFOPLIST_KEY_CFBundleDisplayName = SimPulse;
				INFOPLIST_KEY_NSHealthShareUsageDescription = "SimPulse reads heart rate, energy, and past Sim Racing workouts from Health. Not a medical device.";
				INFOPLIST_KEY_NSHealthUpdateUsageDescription = "SimPulse may save Sim Racing workout data to Health on this iPhone. Not a medical device.";
				INFOPLIST_KEY_UILaunchScreen_Generation = YES;
				LD_RUNPATH_SEARCH_PATHS = (
					"$(inherited)",
					"@executable_path/Frameworks",
				);
				PRODUCT_BUNDLE_IDENTIFIER = com.marcatos.SimPulse;
				SDKROOT = iphoneos;
				TARGETED_DEVICE_FAMILY = "1,2";
			};
			name = Release;
		};
		9F2DAE0F2518FC8C3F76B357 /* Debug */ = {
			isa = XCBuildConfiguration;
			buildSettings = {
				BUNDLE_LOADER = "$(TEST_HOST)";
				GENERATE_INFOPLIST_FILE = YES;
				LD_RUNPATH_SEARCH_PATHS = (
					"$(inherited)",
					"@executable_path/Frameworks",
					"@loader_path/Frameworks",
				);
				PRODUCT_BUNDLE_IDENTIFIER = com.marcatos.SimPulse.tests;
				SDKROOT = iphoneos;
				TARGETED_DEVICE_FAMILY = "1,2";
				TEST_HOST = "$(BUILT_PRODUCTS_DIR)/SimPulse.app/$(BUNDLE_EXECUTABLE_FOLDER_PATH)/SimPulse";
			};
			name = Debug;
		};
		E37B49F43A35309F3B591162 /* Debug */ = {
			isa = XCBuildConfiguration;
			buildSettings = {
				ALWAYS_SEARCH_USER_PATHS = NO;
				CLANG_ANALYZER_NONNULL = YES;
				CLANG_ANALYZER_NUMBER_OBJECT_CONVERSION = YES_AGGRESSIVE;
				CLANG_CXX_LANGUAGE_STANDARD = "gnu++14";
				CLANG_CXX_LIBRARY = "libc++";
				CLANG_ENABLE_MODULES = YES;
				CLANG_ENABLE_OBJC_ARC = YES;
				CLANG_ENABLE_OBJC_WEAK = YES;
				CLANG_WARN_BLOCK_CAPTURE_AUTORELEASING = YES;
				CLANG_WARN_BOOL_CONVERSION = YES;
				CLANG_WARN_COMMA = YES;
				CLANG_WARN_CONSTANT_CONVERSION = YES;
				CLANG_WARN_DEPRECATED_OBJC_IMPLEMENTATIONS = YES;
				CLANG_WARN_DIRECT_OBJC_ISA_USAGE = YES_ERROR;
				CLANG_WARN_DOCUMENTATION_COMMENTS = YES;
				CLANG_WARN_EMPTY_BODY = YES;
				CLANG_WARN_ENUM_CONVERSION = YES;
				CLANG_WARN_INFINITE_RECURSION = YES;
				CLANG_WARN_INT_CONVERSION = YES;
				CLANG_WARN_NON_LITERAL_NULL_CONVERSION = YES;
				CLANG_WARN_OBJC_IMPLICIT_RETAIN_SELF = YES;
				CLANG_WARN_OBJC_LITERAL_CONVERSION = YES;
				CLANG_WARN_OBJC_ROOT_CLASS = YES_ERROR;
				CLANG_WARN_QUOTED_INCLUDE_IN_FRAMEWORK_HEADER = YES;
				CLANG_WARN_RANGE_LOOP_ANALYSIS = YES;
				CLANG_WARN_STRICT_PROTOTYPES = YES;
				CLANG_WARN_SUSPICIOUS_MOVE = YES;
				CLANG_WARN_UNGUARDED_AVAILABILITY = YES_AGGRESSIVE;
				CLANG_WARN_UNREACHABLE_CODE = YES;
				CLANG_WARN__DUPLICATE_METHOD_MATCH = YES;
				COPY_PHASE_STRIP = NO;
				CURRENT_PROJECT_VERSION = 1;
				DEBUG_INFORMATION_FORMAT = dwarf;
				ENABLE_STRICT_OBJC_MSGSEND = YES;
				ENABLE_TESTABILITY = YES;
				GCC_C_LANGUAGE_STANDARD = gnu11;
				GCC_DYNAMIC_NO_PIC = NO;
				GCC_NO_COMMON_BLOCKS = YES;
				GCC_OPTIMIZATION_LEVEL = 0;
				GCC_PREPROCESSOR_DEFINITIONS = (
					"$(inherited)",
					"DEBUG=1",
				);
				GCC_WARN_64_TO_32_BIT_CONVERSION = YES;
				GCC_WARN_ABOUT_RETURN_TYPE = YES_ERROR;
				GCC_WARN_UNDECLARED_SELECTOR = YES;
				GCC_WARN_UNINITIALIZED_AUTOS = YES_AGGRESSIVE;
				GCC_WARN_UNUSED_FUNCTION = YES;
				GCC_WARN_UNUSED_VARIABLE = YES;
				GENERATE_INFOPLIST_FILE = YES;
				IPHONEOS_DEPLOYMENT_TARGET = 17.0;
				MARKETING_VERSION = 0.1.0;
				MTL_ENABLE_DEBUG_INFO = INCLUDE_SOURCE;
				MTL_FAST_MATH = YES;
				ONLY_ACTIVE_ARCH = YES;
				PRODUCT_NAME = "$(TARGET_NAME)";
				SWIFT_ACTIVE_COMPILATION_CONDITIONS = DEBUG;
				SWIFT_OPTIMIZATION_LEVEL = "-Onone";
				SWIFT_VERSION = 5.0;
				WATCHOS_DEPLOYMENT_TARGET = 10.0;
			};
			name = Debug;
		};
/* End XCBuildConfiguration section */

/* Begin XCConfigurationList section */
		42933674B8E407190074D3FF /* Build configuration list for PBXNativeTarget "SimPulseTests" */ = {
			isa = XCConfigurationList;
			buildConfigurations = (
				9F2DAE0F2518FC8C3F76B357 /* Debug */,
				7DF27B7A52B5F14906886C1E /* Release */,
			);
			defaultConfigurationIsVisible = 0;
			defaultConfigurationName = Debug;
		};
		51967848F324C5E0329AAABB /* Build configuration list for PBXNativeTarget "SimPulse" */ = {
			isa = XCConfigurationList;
			buildConfigurations = (
				0AB2CE7DF08427080EFC659D /* Debug */,
				7FAB48ED697CC8CEF204096F /* Release */,
			);
			defaultConfigurationIsVisible = 0;
			defaultConfigurationName = Debug;
		};
		552A6BC0A859D949137FD5E1 /* Build configuration list for PBXNativeTarget "SimPulseWatch" */ = {
			isa = XCConfigurationList;
			buildConfigurations = (
				3CA11BA165122A12BF6ECA09 /* Debug */,
				2D0097D5F689936DDB7F8382 /* Release */,
			);
			defaultConfigurationIsVisible = 0;
			defaultConfigurationName = Debug;
		};
		DD8423A310C5D333B528E587 /* Build configuration list for PBXProject "SimPulse" */ = {
			isa = XCConfigurationList;
			buildConfigurations = (
				E37B49F43A35309F3B591162 /* Debug */,
				57D75EFF2B085C868AA44B4F /* Release */,
			);
			defaultConfigurationIsVisible = 0;
			defaultConfigurationName = Debug;
		};
/* End XCConfigurationList section */
	};
	rootObject = F408E32F398361287EF46F3E /* Project object */;
}
